
Microsoft Visual Studio Solution File, Format Version 12.00
# Visual Studio Version 17
VisualStudioVersion = 17.14.36915.13 d17.14
MinimumVisualStudioVersion = 10.0.40219.1
Project("{FAE04EC0-301F-11D3-BF4B-00C04F79EFBC}") = "TaleSoft.UzakMasaustuAraci.Win.UI.ServerApp", "TaleSoft.UzakMasaustuAraci.Win.UI.ServerApp\TaleSoft.UzakMasaustuAraci.Win.UI.ServerApp.csproj", "{1715790D-6121-4A59-813E-462D05BA766F}"
EndProject
Project("{FAE04EC0-301F-11D3-BF4B-00C04F79EFBC}") = "TaleSoft.UzakMasaustuAraci.Win.UI.ClientApp", "TaleSoft.UzakMasaustuAraci.Win.UI.ClientApp\TaleSoft.UzakMasaustuAraci.Win.UI.ClientApp.csproj", "{2457547A-5312-47A0-8ADB-DEF84F393298}"
EndProject
Global
	GlobalSection(SolutionConfigurationPlatforms) = preSolution
		Debug|Any CPU = Debug|Any CPU
		Release|Any CPU = Release|Any CPU
	EndGlobalSection
	GlobalSection(ProjectConfigurationPlatforms) = postSolution
		{1715790D-6121-4A59-813E-462D05BA766F}.Debug|Any CPU.ActiveCfg = Debug|Any CPU
		{1715790D-6121-4A59-813E-462D05BA766F}.Debug|Any CPU.Build.0 = Debug|Any CPU
		{1715790D-6121-4A59-813E-462D05BA766F}.Release|Any CPU.ActiveCfg = Release|Any CPU
		{1715790D-6121-4A59-813E-462D05BA766F}.Release|Any CPU.Build.0 = Release|Any CPU
		{2457547A-5312-47A0-8ADB-DEF84F393298}.Debug|Any CPU.ActiveCfg = Debug|Any CPU
		{2457547A-5312-47A0-8ADB-DEF84F393298}.Debug|Any CPU.Build.0 = Debug|Any CPU
		{2457547A-5312-47A0-8ADB-DEF84F393298}.Release|Any CPU.ActiveCfg = Release|Any CPU
		{2457547A-5312-47A0-8ADB-DEF84F393298}.Release|Any CPU.Build.0 = Release|Any CPU
	EndGlobalSection
	GlobalSection(SolutionProperties) = preSolution
		HideSolutionNode = FALSE
	EndGlobalSection
	GlobalSection(ExtensibilityGlobals) = postSolution
		SolutionGuid = {B7702D16-1895-4B11-9350-EE3407B6F223}
	EndGlobalSection
EndGlobal
